# THIS IS AN AUTOGENERATED FILE. DO NOT EDIT THIS FILE DIRECTLY.
# yarn lockfile v1


"@types/bn.js@*":
  version "4.11.5"
  resolved "https://registry.yarnpkg.com/@types/bn.js/-/bn.js-4.11.5.tgz#40e36197433f78f807524ec623afcf0169ac81dc"
  integrity sha512-AEAZcIZga0JgVMHNtl1CprA/hXX7/wPt79AgR4XqaDt7jyj3QWYw6LPoOiznPtugDmlubUnAahMs2PFxGcQrng==
  dependencies:
    "@types/node" "*"

"@types/node@*":
  version "12.6.2"
  resolved "https://registry.yarnpkg.com/@types/node/-/node-12.6.2.tgz#a5ccec6abb6060d5f20d256fb03ed743e9774999"
  integrity sha512-gojym4tX0FWeV2gsW4Xmzo5wxGjXGm550oVUII7f7G5o4BV6c7DBdiG1RRQd+y1bvqRyYtPfMK85UM95vsapqQ==

"@types/underscore@*":
  version "1.9.2"
  resolved "https://registry.yarnpkg.com/@types/underscore/-/underscore-1.9.2.tgz#2c4f7743287218f5c2d9a83db3806672aa48530d"
  integrity sha512-KgOKTAD+9X+qvZnB5S1+onqKc4E+PZ+T6CM/NA5ohRPLHJXb+yCJMVf8pWOnvuBuKFNUAJW8N97IA6lba6mZGg==

"@types/web3@^1.0.19":
  version "1.0.19"
  resolved "https://registry.yarnpkg.com/@types/web3/-/web3-1.0.19.tgz#46b85d91d398ded9ab7c85a5dd57cb33ac558924"
  integrity sha512-fhZ9DyvDYDwHZUp5/STa9XW2re0E8GxoioYJ4pEUZ13YHpApSagixj7IAdoYH5uAK+UalGq6Ml8LYzmgRA/q+A==
  dependencies:
    "@types/bn.js" "*"
    "@types/underscore" "*"
